
Microsoft Visual Studio Solution File, Format Version 12.00
# Visual Studio Version 16
VisualStudioVersion = 16.0.31424.327
MinimumVisualStudioVersion = 10.0.40219.1
Project("{FAE04EC0-301F-11D3-BF4B-00C04F79EFBC}") = "Calculadora", "Calculadora.csproj", "{1D0E8231-E006-4BB0-A5A9-540A6BDE56BC}"
EndProject
Global
	GlobalSection(SolutionConfigurationPlatforms) = preSolution
		Debug|Any CPU = Debug|Any CPU
		Release|Any CPU = Release|Any CPU
	EndGlobalSection
	GlobalSection(ProjectConfigurationPlatforms) = postSolution
		{1D0E8231-E006-4BB0-A5A9-540A6BDE56BC}.Debug|Any CPU.ActiveCfg = Debug|Any CPU
		{1D0E8231-E006-4BB0-A5A9-540A6BDE56BC}.Debug|Any CPU.Build.0 = Debug|Any CPU
		{1D0E8231-E006-4BB0-A5A9-540A6BDE56BC}.Release|Any CPU.ActiveCfg = Release|Any CPU
		{1D0E8231-E006-4BB0-A5A9-540A6BDE56BC}.Release|Any CPU.Build.0 = Release|Any CPU
	EndGlobalSection
	GlobalSection(SolutionProperties) = preSolution
		HideSolutionNode = FALSE
	EndGlobalSection
	GlobalSection(ExtensibilityGlobals) = postSolution
		SolutionGuid = {C5F92E42-C0BF-4C73-910B-BD173629279B}
	EndGlobalSection
EndGlobal
